
Microsoft Visual Studio Solution File, Format Version 12.00
# Visual Studio 15
VisualStudioVersion = 15.0.27004.2009
MinimumVisualStudioVersion = 10.0.40219.1
Project("{FAE04EC0-301F-11D3-BF4B-00C04F79EFBC}") = "Server", "Server\Server.csproj", "{799424BC-5039-4B3E-8917-87A6E9982844}"
EndProject
Global
	GlobalSection(SolutionConfigurationPlatforms) = preSolution
		Debug|Any CPU = Debug|Any CPU
		Release|Any CPU = Release|Any CPU
	EndGlobalSection
	GlobalSection(ProjectConfigurationPlatforms) = postSolution
		{799424BC-5039-4B3E-8917-87A6E9982844}.Debug|Any CPU.ActiveCfg = Debug|Any CPU
		{799424BC-5039-4B3E-8917-87A6E9982844}.Debug|Any CPU.Build.0 = Debug|Any CPU
		{799424BC-5039-4B3E-8917-87A6E9982844}.Release|Any CPU.ActiveCfg = Release|Any CPU
		{799424BC-5039-4B3E-8917-87A6E9982844}.Release|Any CPU.Build.0 = Release|Any CPU
	EndGlobalSection
	GlobalSection(SolutionProperties) = preSolution
		HideSolutionNode = FALSE
	EndGlobalSection
	GlobalSection(ExtensibilityGlobals) = postSolution
		SolutionGuid = {4B0F62AC-1C7B-4EBB-9A00-7DE469DE4525}
	EndGlobalSection
EndGlobal
